
Microsoft Visual Studio Solution File, Format Version 12.00
# Visual Studio Version 17
VisualStudioVersion = 17.0.32014.148
MinimumVisualStudioVersion = 10.0.40219.1
Project("{F184B08F-C81C-45F6-A57F-5ABD9991F28F}") = "gestionaissance", "gestionaissance.vbproj", "{518645EE-C225-4D98-9A25-3384AE2790F8}"
EndProject
Global
	GlobalSection(SolutionConfigurationPlatforms) = preSolution
		Debug|Any CPU = Debug|Any CPU
		Release|Any CPU = Release|Any CPU
	EndGlobalSection
	GlobalSection(ProjectConfigurationPlatforms) = postSolution
		{518645EE-C225-4D98-9A25-3384AE2790F8}.Debug|Any CPU.ActiveCfg = Debug|Any CPU
		{518645EE-C225-4D98-9A25-3384AE2790F8}.Debug|Any CPU.Build.0 = Debug|Any CPU
		{518645EE-C225-4D98-9A25-3384AE2790F8}.Release|Any CPU.ActiveCfg = Release|Any CPU
		{518645EE-C225-4D98-9A25-3384AE2790F8}.Release|Any CPU.Build.0 = Release|Any CPU
	EndGlobalSection
	GlobalSection(SolutionProperties) = preSolution
		HideSolutionNode = FALSE
	EndGlobalSection
	GlobalSection(ExtensibilityGlobals) = postSolution
		SolutionGuid = {C2D8C163-5B15-4A0D-A332-B0FAC864FBAB}
	EndGlobalSection
EndGlobal
